
Microsoft Visual Studio Solution File, Format Version 12.00
# Visual Studio Version 16
VisualStudioVersion = 16.0.30717.126
MinimumVisualStudioVersion = 10.0.40219.1
Project("{FAE04EC0-301F-11D3-BF4B-00C04F79EFBC}") = "SmallProject.UserService", "SmallProject.UserService\SmallProject.UserService.csproj", "{FF139E03-2A28-4215-AF5D-F7F4B23C89A5}"
EndProject
Global
	GlobalSection(SolutionConfigurationPlatforms) = preSolution
		Debug|Any CPU = Debug|Any CPU
		Release|Any CPU = Release|Any CPU
	EndGlobalSection
	GlobalSection(ProjectConfigurationPlatforms) = postSolution
		{FF139E03-2A28-4215-AF5D-F7F4B23C89A5}.Debug|Any CPU.ActiveCfg = Debug|Any CPU
		{FF139E03-2A28-4215-AF5D-F7F4B23C89A5}.Debug|Any CPU.Build.0 = Debug|Any CPU
		{FF139E03-2A28-4215-AF5D-F7F4B23C89A5}.Release|Any CPU.ActiveCfg = Release|Any CPU
		{FF139E03-2A28-4215-AF5D-F7F4B23C89A5}.Release|Any CPU.Build.0 = Release|Any CPU
	EndGlobalSection
	GlobalSection(SolutionProperties) = preSolution
		HideSolutionNode = FALSE
	EndGlobalSection
	GlobalSection(ExtensibilityGlobals) = postSolution
		SolutionGuid = {6D7D978F-E8F3-4606-A0BC-870B76BD7EDC}
	EndGlobalSection
EndGlobal
